
Microsoft Visual Studio Solution File, Format Version 12.00
# Visual Studio Version 16
VisualStudioVersion = 16.0.31613.86
MinimumVisualStudioVersion = 10.0.40219.1
Project("{9A19103F-16F7-4668-BE54-9A1E7A4F7556}") = "WebAPI", "WebAPI\WebAPI.csproj", "{A880A6F3-0054-4FB1-AB49-F08C88FC62BD}"
EndProject
Project("{9A19103F-16F7-4668-BE54-9A1E7A4F7556}") = "BusinessLogicLayer", "BusinessLogicLayer\BusinessLogicLayer.csproj", "{FFA78D22-22EE-4199-AAD3-6BBFE7BBEF51}"
EndProject
Project("{9A19103F-16F7-4668-BE54-9A1E7A4F7556}") = "DataAccessLayer", "DataAccessLayer\DataAccessLayer.csproj", "{B0FC7D2A-34F4-42A9-AFF2-7B688C207806}"
EndProject
Project("{2150E333-8FDC-42A3-9474-1A3956D46DE8}") = "Solution Items", "Solution Items", "{65EBB255-91EF-460E-913C-677F99BE1223}"
	ProjectSection(SolutionItems) = preProject
		.editorconfig = .editorconfig
	EndProjectSection
EndProject
Global
	GlobalSection(SolutionConfigurationPlatforms) = preSolution
		Debug|Any CPU = Debug|Any CPU
		Release|Any CPU = Release|Any CPU
	EndGlobalSection
	GlobalSection(ProjectConfigurationPlatforms) = postSolution
		{A880A6F3-0054-4FB1-AB49-F08C88FC62BD}.Debug|Any CPU.ActiveCfg = Debug|Any CPU
		{A880A6F3-0054-4FB1-AB49-F08C88FC62BD}.Debug|Any CPU.Build.0 = Debug|Any CPU
		{A880A6F3-0054-4FB1-AB49-F08C88FC62BD}.Release|Any CPU.ActiveCfg = Release|Any CPU
		{A880A6F3-0054-4FB1-AB49-F08C88FC62BD}.Release|Any CPU.Build.0 = Release|Any CPU
		{FFA78D22-22EE-4199-AAD3-6BBFE7BBEF51}.Debug|Any CPU.ActiveCfg = Debug|Any CPU
		{FFA78D22-22EE-4199-AAD3-6BBFE7BBEF51}.Debug|Any CPU.Build.0 = Debug|Any CPU
		{FFA78D22-22EE-4199-AAD3-6BBFE7BBEF51}.Release|Any CPU.ActiveCfg = Release|Any CPU
		{FFA78D22-22EE-4199-AAD3-6BBFE7BBEF51}.Release|Any CPU.Build.0 = Release|Any CPU
		{B0FC7D2A-34F4-42A9-AFF2-7B688C207806}.Debug|Any CPU.ActiveCfg = Debug|Any CPU
		{B0FC7D2A-34F4-42A9-AFF2-7B688C207806}.Debug|Any CPU.Build.0 = Debug|Any CPU
		{B0FC7D2A-34F4-42A9-AFF2-7B688C207806}.Release|Any CPU.ActiveCfg = Release|Any CPU
		{B0FC7D2A-34F4-42A9-AFF2-7B688C207806}.Release|Any CPU.Build.0 = Release|Any CPU
	EndGlobalSection
	GlobalSection(SolutionProperties) = preSolution
		HideSolutionNode = FALSE
	EndGlobalSection
	GlobalSection(ExtensibilityGlobals) = postSolution
		SolutionGuid = {B1780679-DBA4-4EAC-92D4-78646EADB92D}
	EndGlobalSection
EndGlobal
